Microsoft Visual Studio Solution File, Format Version 12.00
# Visual Studio Version 17
VisualStudioVersion = 17.2.32526.322
MinimumVisualStudioVersion = 10.0.40219.1
Project("{9A19103F-16F7-4668-BE54-9A1E7A4F7556}") = "ItemTagger", "ItemTagger\ItemTagger.csproj", "{8BA2E1B7-DD65-42B6-A780-17E4037A3C1B}"
EndProject
Project("{9A19103F-16F7-4668-BE54-9A1E7A4F7556}") = "MakeItemsWeightless", "MakeItemsWeightless\MakeItemsWeightless.csproj", "{99A3D994-9B95-4E70-BA9F-E671633978C9}"
EndProject
Project("{9A19103F-16F7-4668-BE54-9A1E7A4F7556}") = "MakeModsScrappable", "MakeModsScrappable\MakeModsScrappable.csproj", "{91D9BAF6-62C5-44CE-B6C8-F89177D87750}"
EndProject
Global
	GlobalSection(SolutionConfigurationPlatforms) = preSolution
		Debug|Any CPU = Debug|Any CPU
		Release|Any CPU = Release|Any CPU
	EndGlobalSection
	GlobalSection(ProjectConfigurationPlatforms) = postSolution
		{8BA2E1B7-DD65-42B6-A780-17E4037A3C1B}.Debug|Any CPU.ActiveCfg = Debug|Any CPU
		{8BA2E1B7-DD65-42B6-A780-17E4037A3C1B}.Debug|Any CPU.Build.0 = Debug|Any CPU
		{8BA2E1B7-DD65-42B6-A780-17E4037A3C1B}.Release|Any CPU.ActiveCfg = Release|Any CPU
		{8BA2E1B7-DD65-42B6-A780-17E4037A3C1B}.Release|Any CPU.Build.0 = Release|Any CPU
		{99A3D994-9B95-4E70-BA9F-E671633978C9}.Debug|Any CPU.ActiveCfg = Debug|Any CPU
		{99A3D994-9B95-4E70-BA9F-E671633978C9}.Debug|Any CPU.Build.0 = Debug|Any CPU
		{99A3D994-9B95-4E70-BA9F-E671633978C9}.Release|Any CPU.ActiveCfg = Release|Any CPU
		{99A3D994-9B95-4E70-BA9F-E671633978C9}.Release|Any CPU.Build.0 = Release|Any CPU
		{91D9BAF6-62C5-44CE-B6C8-F89177D87750}.Debug|Any CPU.ActiveCfg = Debug|Any CPU
		{91D9BAF6-62C5-44CE-B6C8-F89177D87750}.Debug|Any CPU.Build.0 = Debug|Any CPU
		{91D9BAF6-62C5-44CE-B6C8-F89177D87750}.Release|Any CPU.ActiveCfg = Release|Any CPU
		{91D9BAF6-62C5-44CE-B6C8-F89177D87750}.Release|Any CPU.Build.0 = Release|Any CPU
	EndGlobalSection
	GlobalSection(SolutionProperties) = preSolution
		HideSolutionNode = FALSE
	EndGlobalSection
	GlobalSection(ExtensibilityGlobals) = postSolution
		SolutionGuid = {69B38D03-A157-49F5-B6C5-3D9E34912BC4}
	EndGlobalSection
EndGlobal
