Microsoft Visual Studio Solution File, Format Version 12.00
# Visual Studio Version 17
VisualStudioVersion = 17.2.32526.322
MinimumVisualStudioVersion = 10.0.40219.1
Project("{9A19103F-16F7-4668-BE54-9A1E7A4F7556}") = "ItemTagger", "ItemTagger\ItemTagger.csproj", "{8BA2E1B7-DD65-42B6-A780-17E4037A3C1B}"
EndProject
Project("{2150E333-8FDC-42A3-9474-1A3956D46DE8}") = "SolutionFiles", "SolutionFiles", "{3CBAACD9-9F60-46E1-8BB1-EE60774F5E49}"
	ProjectSection(SolutionItems) = preProject
		README.md = README.md
	EndProjectSection
EndProject
Project("{FAE04EC0-301F-11D3-BF4B-00C04F79EFBC}") = "ItemTaggerTest", "ItemTaggerTest\ItemTaggerTest.csproj", "{C1B47142-054E-4399-8AB4-31285F7548F2}"
	ProjectSection(ProjectDependencies) = postProject
		{8BA2E1B7-DD65-42B6-A780-17E4037A3C1B} = {8BA2E1B7-DD65-42B6-A780-17E4037A3C1B}
	EndProjectSection
EndProject
Global
	GlobalSection(SolutionConfigurationPlatforms) = preSolution
		Debug|Any CPU = Debug|Any CPU
		Release|Any CPU = Release|Any CPU
	EndGlobalSection
	GlobalSection(ProjectConfigurationPlatforms) = postSolution
		{8BA2E1B7-DD65-42B6-A780-17E4037A3C1B}.Debug|Any CPU.ActiveCfg = Debug|Any CPU
		{8BA2E1B7-DD65-42B6-A780-17E4037A3C1B}.Debug|Any CPU.Build.0 = Debug|Any CPU
		{8BA2E1B7-DD65-42B6-A780-17E4037A3C1B}.Release|Any CPU.ActiveCfg = Release|Any CPU
		{8BA2E1B7-DD65-42B6-A780-17E4037A3C1B}.Release|Any CPU.Build.0 = Release|Any CPU
		{C1B47142-054E-4399-8AB4-31285F7548F2}.Debug|Any CPU.ActiveCfg = Debug|Any CPU
		{C1B47142-054E-4399-8AB4-31285F7548F2}.Debug|Any CPU.Build.0 = Debug|Any CPU
		{C1B47142-054E-4399-8AB4-31285F7548F2}.Release|Any CPU.ActiveCfg = Release|Any CPU
		{C1B47142-054E-4399-8AB4-31285F7548F2}.Release|Any CPU.Build.0 = Release|Any CPU
	EndGlobalSection
	GlobalSection(SolutionProperties) = preSolution
		HideSolutionNode = FALSE
	EndGlobalSection
	GlobalSection(ExtensibilityGlobals) = postSolution
		SolutionGuid = {69B38D03-A157-49F5-B6C5-3D9E34912BC4}
	EndGlobalSection
EndGlobal
